// !$*UTF8*$!
{
	archiveVersion = 1;
	classes = {
	};
	objectVersion = 46;
	objects = {

/* Begin PBXBuildFile section */
		A92A95411F09DEB000E12965 /* AppDelegate.swift in Sources */ = {isa = PBXBuildFile; fileRef = A92A95401F09DEB000E12965 /* AppDelegate.swift */; };
		A92A95431F09DEB000E12965 /* ViewController.swift in Sources */ = {isa = PBXBuildFile; fileRef = A92A95421F09DEB000E12965 /* ViewController.swift */; };
		A92A95461F09DEB000E12965 /* Main.storyboard in Resources */ = {isa = PBXBuildFile; fileRef = A92A95441F09DEB000E12965 /* Main.storyboard */; };
		A92A95481F09DEB000E12965 /* Assets.xcassets in Resources */ = {isa = PBXBuildFile; fileRef = A92A95471F09DEB000E12965 /* Assets.xcassets */; };
		A92A954B1F09DEB000E12965 /* LaunchScreen.storyboard in Resources */ = {isa = PBXBuildFile; fileRef = A92A95491F09DEB000E12965 /* LaunchScreen.storyboard */; };
		A92A95531F09E46900E12965 /* Recipe.swift in Sources */ = {isa = PBXBuildFile; fileRef = A92A95521F09E46900E12965 /* Recipe.swift */; };
		A92A95551F0DD0A700E12965 /* RecipeCell.swift in Sources */ = {isa = PBXBuildFile; fileRef = A92A95541F0DD0A700E12965 /* RecipeCell.swift */; };
		A92A95571F11C08800E12965 /* DetailViewController.swift in Sources */ = {isa = PBXBuildFile; fileRef = A92A95561F11C08800E12965 /* DetailViewController.swift */; };
		A92A955B1F11CF0700E12965 /* RecipeDetailViewCell.swift in Sources */ = {isa = PBXBuildFile; fileRef = A92A955A1F11CF0700E12965 /* RecipeDetailViewCell.swift */; };
		A92A955F1F131E5300E12965 /* ReviewViewController.swift in Sources */ = {isa = PBXBuildFile; fileRef = A92A955E1F131E5300E12965 /* ReviewViewController.swift */; };
/* End PBXBuildFile section */

/* Begin PBXFileReference section */
		A92A953D1F09DEB000E12965 /* Mis Recetas.app */ = {isa = PBXFileReference; explicitFileType = wrapper.application; includeInIndex = 0; path = "Mis Recetas.app"; sourceTree = BUILT_PRODUCTS_DIR; };
		A92A95401F09DEB000E12965 /* AppDelegate.swift */ = {isa = PBXFileReference; lastKnownFileType = sourcecode.swift; path = AppDelegate.swift; sourceTree = "<group>"; };
		A92A95421F09DEB000E12965 /* ViewController.swift */ = {isa = PBXFileReference; lastKnownFileType = sourcecode.swift; path = ViewController.swift; sourceTree = "<group>"; };
		A92A95451F09DEB000E12965 /* Base */ = {isa = PBXFileReference; lastKnownFileType = file.storyboard; name = Base; path = Base.lproj/Main.storyboard; sourceTree = "<group>"; };
		A92A95471F09DEB000E12965 /* Assets.xcassets */ = {isa = PBXFileReference; lastKnownFileType = folder.assetcatalog; path = Assets.xcassets; sourceTree = "<group>"; };
		A92A954A1F09DEB000E12965 /* Base */ = {isa = PBXFileReference; lastKnownFileType = file.storyboard; name = Base; path = Base.lproj/LaunchScreen.storyboard; sourceTree = "<group>"; };
		A92A954C1F09DEB000E12965 /* Info.plist */ = {isa = PBXFileReference; lastKnownFileType = text.plist.xml; path = Info.plist; sourceTree = "<group>"; };
		A92A95521F09E46900E12965 /* Recipe.swift */ = {isa = PBXFileReference; fileEncoding = 4; lastKnownFileType = sourcecode.swift; path = Recipe.swift; sourceTree = "<group>"; };
		A92A95541F0DD0A700E12965 /* RecipeCell.swift */ = {isa = PBXFileReference; fileEncoding = 4; lastKnownFileType = sourcecode.swift; path = RecipeCell.swift; sourceTree = "<group>"; };
		A92A95561F11C08800E12965 /* DetailViewController.swift */ = {isa = PBXFileReference; fileEncoding = 4; lastKnownFileType = sourcecode.swift; path = DetailViewController.swift; sourceTree = "<group>"; };
		A92A955A1F11CF0700E12965 /* RecipeDetailViewCell.swift */ = {isa = PBXFileReference; fileEncoding = 4; lastKnownFileType = sourcecode.swift; path = RecipeDetailViewCell.swift; sourceTree = "<group>"; };
		A92A955E1F131E5300E12965 /* ReviewViewController.swift */ = {isa = PBXFileReference; fileEncoding = 4; lastKnownFileType = sourcecode.swift; path = ReviewViewController.swift; sourceTree = "<group>"; };
/* End PBXFileReference section */

/* Begin PBXFrameworksBuildPhase section */
		A92A953A1F09DEB000E12965 /* Frameworks */ = {
			isa = PBXFrameworksBuildPhase;
			buildActionMask = 2147483647;
			files = (
			);
			runOnlyForDeploymentPostprocessing = 0;
		};
/* End PBXFrameworksBuildPhase section */

/* Begin PBXGroup section */
		A92A95341F09DEB000E12965 = {
			isa = PBXGroup;
			children = (
				A92A953F1F09DEB000E12965 /* Mis Recetas */,
				A92A953E1F09DEB000E12965 /* Products */,
			);
			sourceTree = "<group>";
		};
		A92A953E1F09DEB000E12965 /* Products */ = {
			isa = PBXGroup;
			children = (
				A92A953D1F09DEB000E12965 /* Mis Recetas.app */,
			);
			name = Products;
			sourceTree = "<group>";
		};
		A92A953F1F09DEB000E12965 /* Mis Recetas */ = {
			isa = PBXGroup;
			children = (
				A92A95401F09DEB000E12965 /* AppDelegate.swift */,
				A92A95421F09DEB000E12965 /* ViewController.swift */,
				A92A95441F09DEB000E12965 /* Main.storyboard */,
				A92A95471F09DEB000E12965 /* Assets.xcassets */,
				A92A95491F09DEB000E12965 /* LaunchScreen.storyboard */,
				A92A954C1F09DEB000E12965 /* Info.plist */,
				A92A95521F09E46900E12965 /* Recipe.swift */,
				A92A95541F0DD0A700E12965 /* RecipeCell.swift */,
				A92A95561F11C08800E12965 /* DetailViewController.swift */,
				A92A955A1F11CF0700E12965 /* RecipeDetailViewCell.swift */,
				A92A955E1F131E5300E12965 /* ReviewViewController.swift */,
			);
			path = "Mis Recetas";
			sourceTree = "<group>";
		};
/* End PBXGroup section */

/* Begin PBXNativeTarget section */
		A92A953C1F09DEB000E12965 /* Mis Recetas */ = {
			isa = PBXNativeTarget;
			buildConfigurationList = A92A954F1F09DEB000E12965 /* Build configuration list for PBXNativeTarget "Mis Recetas" */;
			buildPhases = (
				A92A95391F09DEB000E12965 /* Sources */,
				A92A953A1F09DEB000E12965 /* Frameworks */,
				A92A953B1F09DEB000E12965 /* Resources */,
			);
			buildRules = (
			);
			dependencies = (
			);
			name = "Mis Recetas";
			productName = "Mis Recetas";
			productReference = A92A953D1F09DEB000E12965 /* Mis Recetas.app */;
			productType = "com.apple.product-type.application";
		};
/* End PBXNativeTarget section */

/* Begin PBXProject section */
		A92A95351F09DEB000E12965 /* Project object */ = {
			isa = PBXProject;
			attributes = {
				LastSwiftUpdateCheck = 0830;
				LastUpgradeCheck = 0830;
				ORGANIZATIONNAME = kafecode;
				TargetAttributes = {
					A92A953C1F09DEB000E12965 = {
						CreatedOnToolsVersion = 8.3.3;
						DevelopmentTeam = G28EKQSF7A;
						ProvisioningStyle = Automatic;
					};
				};
			};
			buildConfigurationList = A92A95381F09DEB000E12965 /* Build configuration list for PBXProject "Mis Recetas" */;
			compatibilityVersion = "Xcode 3.2";
			developmentRegion = English;
			hasScannedForEncodings = 0;
			knownRegions = (
				en,
				Base,
			);
			mainGroup = A92A95341F09DEB000E12965;
			productRefGroup = A92A953E1F09DEB000E12965 /* Products */;
			projectDirPath = "";
			projectRoot = "";
			targets = (
				A92A953C1F09DEB000E12965 /* Mis Recetas */,
			);
		};
/* End PBXProject section */

/* Begin PBXResourcesBuildPhase section */
		A92A953B1F09DEB000E12965 /* Resources */ = {
			isa = PBXResourcesBuildPhase;
			buildActionMask = 2147483647;
			files = (
				A92A954B1F09DEB000E12965 /* LaunchScreen.storyboard in Resources */,
				A92A95481F09DEB000E12965 /* Assets.xcassets in Resources */,
				A92A95461F09DEB000E12965 /* Main.storyboard in Resources */,
			);
			runOnlyForDeploymentPostprocessing = 0;
		};
/* End PBXResourcesBuildPhase section */

/* Begin PBXSourcesBuildPhase section */
		A92A95391F09DEB000E12965 /* Sources */ = {
			isa = PBXSourcesBuildPhase;
			buildActionMask = 2147483647;
			files = (
				A92A95531F09E46900E12965 /* Recipe.swift in Sources */,
				A92A955B1F11CF0700E12965 /* RecipeDetailViewCell.swift in Sources */,
				A92A955F1F131E5300E12965 /* ReviewViewController.swift in Sources */,
				A92A95431F09DEB000E12965 /* ViewController.swift in Sources */,
				A92A95571F11C08800E12965 /* DetailViewController.swift in Sources */,
				A92A95411F09DEB000E12965 /* AppDelegate.swift in Sources */,
				A92A95551F0DD0A700E12965 /* RecipeCell.swift in Sources */,
			);
			runOnlyForDeploymentPostprocessing = 0;
		};
/* End PBXSourcesBuildPhase section */

/* Begin PBXVariantGroup section */
		A92A95441F09DEB000E12965 /* Main.storyboard */ = {
			isa = PBXVariantGroup;
			children = (
				A92A95451F09DEB000E12965 /* Base */,
			);
			name = Main.storyboard;
			sourceTree = "<group>";
		};
		A92A95491F09DEB000E12965 /* LaunchScreen.storyboard */ = {
			isa = PBXVariantGroup;
			children = (
				A92A954A1F09DEB000E12965 /* Base */,
			);
			name = LaunchScreen.storyboard;
			sourceTree = "<group>";
		};
/* End PBXVariantGroup section */

/* Begin XCBuildConfiguration section */
		A92A954D1F09DEB000E12965 /* Debug */ = {
			isa = XCBuildConfiguration;
			buildSettings = {
				ALWAYS_SEARCH_USER_PATHS = NO;
				CLANG_ANALYZER_NONNULL = YES;
				CLANG_ANALYZER_NUMBER_OBJECT_CONVERSION = YES_AGGRESSIVE;
				CLANG_CXX_LANGUAGE_STANDARD = "gnu++0x";
				CLANG_CXX_LIBRARY = "libc++";
				CLANG_ENABLE_MODULES = YES;
				CLANG_ENABLE_OBJC_ARC = YES;
				CLANG_WARN_BOOL_CONVERSION = YES;
				CLANG_WARN_CONSTANT_CONVERSION = YES;
				CLANG_WARN_DIRECT_OBJC_ISA_USAGE = YES_ERROR;
				CLANG_WARN_DOCUMENTATION_COMMENTS = YES;
				CLANG_WARN_EMPTY_BODY = YES;
				CLANG_WARN_ENUM_CONVERSION = YES;
				CLANG_WARN_INFINITE_RECURSION = YES;
				CLANG_WARN_INT_CONVERSION = YES;
				CLANG_WARN_OBJC_ROOT_CLASS = YES_ERROR;
				CLANG_WARN_SUSPICIOUS_MOVE = YES;
				CLANG_WARN_UNREACHABLE_CODE = YES;
				CLANG_WARN__DUPLICATE_METHOD_MATCH = YES;
				"CODE_SIGN_IDENTITY[sdk=iphoneos*]" = "iPhone Developer";
				COPY_PHASE_STRIP = NO;
				DEBUG_INFORMATION_FORMAT = dwarf;
				ENABLE_STRICT_OBJC_MSGSEND = YES;
				ENABLE_TESTABILITY = YES;
				GCC_C_LANGUAGE_STANDARD = gnu99;
				GCC_DYNAMIC_NO_PIC = NO;
				GCC_NO_COMMON_BLOCKS = YES;
				GCC_OPTIMIZATION_LEVEL = 0;
				GCC_PREPROCESSOR_DEFINITIONS = (
					"DEBUG=1",
					"$(inherited)",
				);
				GCC_WARN_64_TO_32_BIT_CONVERSION = YES;
				GCC_WARN_ABOUT_RETURN_TYPE = YES_ERROR;
				GCC_WARN_UNDECLARED_SELECTOR = YES;
				GCC_WARN_UNINITIALIZED_AUTOS = YES_AGGRESSIVE;
				GCC_WARN_UNUSED_FUNCTION = YES;
				GCC_WARN_UNUSED_VARIABLE = YES;
				IPHONEOS_DEPLOYMENT_TARGET = 10.3;
				MTL_ENABLE_DEBUG_INFO = YES;
				ONLY_ACTIVE_ARCH = YES;
				SDKROOT = iphoneos;
				SWIFT_ACTIVE_COMPILATION_CONDITIONS = DEBUG;
				SWIFT_OPTIMIZATION_LEVEL = "-Onone";
				TARGETED_DEVICE_FAMILY = "1,2";
			};
			name = Debug;
		};
		A92A954E1F09DEB000E12965 /* Release */ = {
			isa = XCBuildConfiguration;
			buildSettings = {
				ALWAYS_SEARCH_USER_PATHS = NO;
				CLANG_ANALYZER_NONNULL = YES;
				CLANG_ANALYZER_NUMBER_OBJECT_CONVERSION = YES_AGGRESSIVE;
				CLANG_CXX_LANGUAGE_STANDARD = "gnu++0x";
				CLANG_CXX_LIBRARY = "libc++";
				CLANG_ENABLE_MODULES = YES;
				CLANG_ENABLE_OBJC_ARC = YES;
				CLANG_WARN_BOOL_CONVERSION = YES;
				CLANG_WARN_CONSTANT_CONVERSION = YES;
				CLANG_WARN_DIRECT_OBJC_ISA_USAGE = YES_ERROR;
				CLANG_WARN_DOCUMENTATION_COMMENTS = YES;
				CLANG_WARN_EMPTY_BODY = YES;
				CLANG_WARN_ENUM_CONVERSION = YES;
				CLANG_WARN_INFINITE_RECURSION = YES;
				CLANG_WARN_INT_CONVERSION = YES;
				CLANG_WARN_OBJC_ROOT_CLASS = YES_ERROR;
				CLANG_WARN_SUSPICIOUS_MOVE = YES;
				CLANG_WARN_UNREACHABLE_CODE = YES;
				CLANG_WARN__DUPLICATE_METHOD_MATCH = YES;
				"CODE_SIGN_IDENTITY[sdk=iphoneos*]" = "iPhone Developer";
				COPY_PHASE_STRIP = NO;
				DEBUG_INFORMATION_FORMAT = "dwarf-with-dsym";
				ENABLE_NS_ASSERTIONS = NO;
				ENABLE_STRICT_OBJC_MSGSEND = YES;
				GCC_C_LANGUAGE_STANDARD = gnu99;
				GCC_NO_COMMON_BLOCKS = YES;
				GCC_WARN_64_TO_32_BIT_CONVERSION = YES;
				GCC_WARN_ABOUT_RETURN_TYPE = YES_ERROR;
				GCC_WARN_UNDECLARED_SELECTOR = YES;
				GCC_WARN_UNINITIALIZED_AUTOS = YES_AGGRESSIVE;
				GCC_WARN_UNUSED_FUNCTION = YES;
				GCC_WARN_UNUSED_VARIABLE = YES;
				IPHONEOS_DEPLOYMENT_TARGET = 10.3;
				MTL_ENABLE_DEBUG_INFO = NO;
				SDKROOT = iphoneos;
				SWIFT_OPTIMIZATION_LEVEL = "-Owholemodule";
				TARGETED_DEVICE_FAMILY = "1,2";
				VALIDATE_PRODUCT = YES;
			};
			name = Release;
		};
		A92A95501F09DEB000E12965 /* Debug */ = {
			isa = XCBuildConfiguration;
			buildSettings = {
				ASSETCATALOG_COMPILER_APPICON_NAME = AppIcon;
				DEVELOPMENT_TEAM = G28EKQSF7A;
				INFOPLIST_FILE = "Mis Recetas/Info.plist";
				LD_RUNPATH_SEARCH_PATHS = "$(inherited) @executable_path/Frameworks";
				PRODUCT_BUNDLE_IDENTIFIER = "cl.kafecode.Mis-Recetas";
				PRODUCT_NAME = "$(TARGET_NAME)";
				SWIFT_VERSION = 3.0;
			};
			name = Debug;
		};
		A92A95511F09DEB000E12965 /* Release */ = {
			isa = XCBuildConfiguration;
			buildSettings = {
				ASSETCATALOG_COMPILER_APPICON_NAME = AppIcon;
				DEVELOPMENT_TEAM = G28EKQSF7A;
				INFOPLIST_FILE = "Mis Recetas/Info.plist";
				LD_RUNPATH_SEARCH_PATHS = "$(inherited) @executable_path/Frameworks";
				PRODUCT_BUNDLE_IDENTIFIER = "cl.kafecode.Mis-Recetas";
				PRODUCT_NAME = "$(TARGET_NAME)";
				SWIFT_VERSION = 3.0;
			};
			name = Release;
		};
/* End XCBuildConfiguration section */

/* Begin XCConfigurationList section */
		A92A95381F09DEB000E12965 /* Build configuration list for PBXProject "Mis Recetas" */ = {
			isa = XCConfigurationList;
			buildConfigurations = (
				A92A954D1F09DEB000E12965 /* Debug */,
				A92A954E1F09DEB000E12965 /* Release */,
			);
			defaultConfigurationIsVisible = 0;
			defaultConfigurationName = Release;
		};
		A92A954F1F09DEB000E12965 /* Build configuration list for PBXNativeTarget "Mis Recetas" */ = {
			isa = XCConfigurationList;
			buildConfigurations = (
				A92A95501F09DEB000E12965 /* Debug */,
				A92A95511F09DEB000E12965 /* Release */,
			);
			defaultConfigurationIsVisible = 0;
		};
/* End XCConfigurationList section */
	};
	rootObject = A92A95351F09DEB000E12965 /* Project object */;
}
